// !$*UTF8*$!
{
	archiveVersion = 1;
	classes = {
	};
	objectVersion = 46;
	objects = {

/* Begin PBXBuildFile section */
		8941D7B21C9464F900C2CC92 /* main.m in Sources */ = {isa = PBXBuildFile; fileRef = 8941D7B11C9464F900C2CC92 /* main.m */; };
		8941D7B51C9464F900C2CC92 /* AppDelegate.m in Sources */ = {isa = PBXBuildFile; fileRef = 8941D7B41C9464F900C2CC92 /* AppDelegate.m */; };
		8941D7B81C9464F900C2CC92 /* ViewController.m in Sources */ = {isa = PBXBuildFile; fileRef = 8941D7B71C9464F900C2CC92 /* ViewController.m */; };
		8941D7BB1C9464F900C2CC92 /* Main.storyboard in Resources */ = {isa = PBXBuildFile; fileRef = 8941D7B91C9464F900C2CC92 /* Main.storyboard */; };
		8941D7BD1C9464F900C2CC92 /* Assets.xcassets in Resources */ = {isa = PBXBuildFile; fileRef = 8941D7BC1C9464F900C2CC92 /* Assets.xcassets */; };
		8941D7C01C9464F900C2CC92 /* LaunchScreen.storyboard in Resources */ = {isa = PBXBuildFile; fileRef = 8941D7BE1C9464F900C2CC92 /* LaunchScreen.storyboard */; };
		8941D7D41C94651200C2CC92 /* scanBox.png in Resources */ = {isa = PBXBuildFile; fileRef = 8941D7C91C94651200C2CC92 /* scanBox.png */; };
		8941D7D51C94651200C2CC92 /* scanBox@2x.png in Resources */ = {isa = PBXBuildFile; fileRef = 8941D7CA1C94651200C2CC92 /* scanBox@2x.png */; };
		8941D7D61C94651200C2CC92 /* scanBox@3x.png in Resources */ = {isa = PBXBuildFile; fileRef = 8941D7CB1C94651200C2CC92 /* scanBox@3x.png */; };
		8941D7D71C94651200C2CC92 /* scanLine.png in Resources */ = {isa = PBXBuildFile; fileRef = 8941D7CC1C94651200C2CC92 /* scanLine.png */; };
		8941D7D81C94651200C2CC92 /* scanLine@2x.png in Resources */ = {isa = PBXBuildFile; fileRef = 8941D7CD1C94651200C2CC92 /* scanLine@2x.png */; };
		8941D7D91C94651200C2CC92 /* scanLine@3x.png in Resources */ = {isa = PBXBuildFile; fileRef = 8941D7CE1C94651200C2CC92 /* scanLine@3x.png */; };
		8941D7DA1C94651200C2CC92 /* YuriAlertView.m in Sources */ = {isa = PBXBuildFile; fileRef = 8941D7D11C94651200C2CC92 /* YuriAlertView.m */; };
		8941D7DB1C94651200C2CC92 /* YuriCodeScanView.m in Sources */ = {isa = PBXBuildFile; fileRef = 8941D7D31C94651200C2CC92 /* YuriCodeScanView.m */; };
/* End PBXBuildFile section */

/* Begin PBXFileReference section */
		8941D7AD1C9464F900C2CC92 /* YuriScannerView.app */ = {isa = PBXFileReference; explicitFileType = wrapper.application; includeInIndex = 0; path = YuriScannerView.app; sourceTree = BUILT_PRODUCTS_DIR; };
		8941D7B11C9464F900C2CC92 /* main.m */ = {isa = PBXFileReference; lastKnownFileType = sourcecode.c.objc; path = main.m; sourceTree = "<group>"; };
		8941D7B31C9464F900C2CC92 /* AppDelegate.h */ = {isa = PBXFileReference; lastKnownFileType = sourcecode.c.h; path = AppDelegate.h; sourceTree = "<group>"; };
		8941D7B41C9464F900C2CC92 /* AppDelegate.m */ = {isa = PBXFileReference; lastKnownFileType = sourcecode.c.objc; path = AppDelegate.m; sourceTree = "<group>"; };
		8941D7B61C9464F900C2CC92 /* ViewController.h */ = {isa = PBXFileReference; lastKnownFileType = sourcecode.c.h; path = ViewController.h; sourceTree = "<group>"; };
		8941D7B71C9464F900C2CC92 /* ViewController.m */ = {isa = PBXFileReference; lastKnownFileType = sourcecode.c.objc; path = ViewController.m; sourceTree = "<group>"; };
		8941D7BA1C9464F900C2CC92 /* Base */ = {isa = PBXFileReference; lastKnownFileType = file.storyboard; name = Base; path = Base.lproj/Main.storyboard; sourceTree = "<group>"; };
		8941D7BC1C9464F900C2CC92 /* Assets.xcassets */ = {isa = PBXFileReference; lastKnownFileType = folder.assetcatalog; path = Assets.xcassets; sourceTree = "<group>"; };
		8941D7BF1C9464F900C2CC92 /* Base */ = {isa = PBXFileReference; lastKnownFileType = file.storyboard; name = Base; path = Base.lproj/LaunchScreen.storyboard; sourceTree = "<group>"; };
		8941D7C11C9464F900C2CC92 /* Info.plist */ = {isa = PBXFileReference; lastKnownFileType = text.plist.xml; path = Info.plist; sourceTree = "<group>"; };
		8941D7C91C94651200C2CC92 /* scanBox.png */ = {isa = PBXFileReference; lastKnownFileType = image.png; path = scanBox.png; sourceTree = "<group>"; };
		8941D7CA1C94651200C2CC92 /* scanBox@2x.png */ = {isa = PBXFileReference; lastKnownFileType = image.png; path = "scanBox@2x.png"; sourceTree = "<group>"; };
		8941D7CB1C94651200C2CC92 /* scanBox@3x.png */ = {isa = PBXFileReference; lastKnownFileType = image.png; path = "scanBox@3x.png"; sourceTree = "<group>"; };
		8941D7CC1C94651200C2CC92 /* scanLine.png */ = {isa = PBXFileReference; lastKnownFileType = image.png; path = scanLine.png; sourceTree = "<group>"; };
		8941D7CD1C94651200C2CC92 /* scanLine@2x.png */ = {isa = PBXFileReference; lastKnownFileType = image.png; path = "scanLine@2x.png"; sourceTree = "<group>"; };
		8941D7CE1C94651200C2CC92 /* scanLine@3x.png */ = {isa = PBXFileReference; lastKnownFileType = image.png; path = "scanLine@3x.png"; sourceTree = "<group>"; };
		8941D7D01C94651200C2CC92 /* YuriAlertView.h */ = {isa = PBXFileReference; fileEncoding = 4; lastKnownFileType = sourcecode.c.h; path = YuriAlertView.h; sourceTree = "<group>"; };
		8941D7D11C94651200C2CC92 /* YuriAlertView.m */ = {isa = PBXFileReference; fileEncoding = 4; lastKnownFileType = sourcecode.c.objc; path = YuriAlertView.m; sourceTree = "<group>"; };
		8941D7D21C94651200C2CC92 /* YuriCodeScanView.h */ = {isa = PBXFileReference; fileEncoding = 4; lastKnownFileType = sourcecode.c.h; path = YuriCodeScanView.h; sourceTree = "<group>"; };
		8941D7D31C94651200C2CC92 /* YuriCodeScanView.m */ = {isa = PBXFileReference; fileEncoding = 4; lastKnownFileType = sourcecode.c.objc; path = YuriCodeScanView.m; sourceTree = "<group>"; };
/* End PBXFileReference section */

/* Begin PBXFrameworksBuildPhase section */
		8941D7AA1C9464F900C2CC92 /* Frameworks */ = {
			isa = PBXFrameworksBuildPhase;
			buildActionMask = 2147483647;
			files = (
			);
			runOnlyForDeploymentPostprocessing = 0;
		};
/* End PBXFrameworksBuildPhase section */

/* Begin PBXGroup section */
		8941D7A41C9464F900C2CC92 = {
			isa = PBXGroup;
			children = (
				8941D7AF1C9464F900C2CC92 /* YuriScannerView */,
				8941D7AE1C9464F900C2CC92 /* Products */,
			);
			sourceTree = "<group>";
		};
		8941D7AE1C9464F900C2CC92 /* Products */ = {
			isa = PBXGroup;
			children = (
				8941D7AD1C9464F900C2CC92 /* YuriScannerView.app */,
			);
			name = Products;
			sourceTree = "<group>";
		};
		8941D7AF1C9464F900C2CC92 /* YuriScannerView */ = {
			isa = PBXGroup;
			children = (
				8941D7C71C94651200C2CC92 /* YuriCodeScanView */,
				8941D7B31C9464F900C2CC92 /* AppDelegate.h */,
				8941D7B41C9464F900C2CC92 /* AppDelegate.m */,
				8941D7B61C9464F900C2CC92 /* ViewController.h */,
				8941D7B71C9464F900C2CC92 /* ViewController.m */,
				8941D7B91C9464F900C2CC92 /* Main.storyboard */,
				8941D7BC1C9464F900C2CC92 /* Assets.xcassets */,
				8941D7BE1C9464F900C2CC92 /* LaunchScreen.storyboard */,
				8941D7C11C9464F900C2CC92 /* Info.plist */,
				8941D7B01C9464F900C2CC92 /* Supporting Files */,
			);
			path = YuriScannerView;
			sourceTree = "<group>";
		};
		8941D7B01C9464F900C2CC92 /* Supporting Files */ = {
			isa = PBXGroup;
			children = (
				8941D7B11C9464F900C2CC92 /* main.m */,
			);
			name = "Supporting Files";
			sourceTree = "<group>";
		};
		8941D7C71C94651200C2CC92 /* YuriCodeScanView */ = {
			isa = PBXGroup;
			children = (
				8941D7C81C94651200C2CC92 /* Assets */,
				8941D7CF1C94651200C2CC92 /* YuriAlertView */,
				8941D7D21C94651200C2CC92 /* YuriCodeScanView.h */,
				8941D7D31C94651200C2CC92 /* YuriCodeScanView.m */,
			);
			path = YuriCodeScanView;
			sourceTree = "<group>";
		};
		8941D7C81C94651200C2CC92 /* Assets */ = {
			isa = PBXGroup;
			children = (
				8941D7C91C94651200C2CC92 /* scanBox.png */,
				8941D7CA1C94651200C2CC92 /* scanBox@2x.png */,
				8941D7CB1C94651200C2CC92 /* scanBox@3x.png */,
				8941D7CC1C94651200C2CC92 /* scanLine.png */,
				8941D7CD1C94651200C2CC92 /* scanLine@2x.png */,
				8941D7CE1C94651200C2CC92 /* scanLine@3x.png */,
			);
			path = Assets;
			sourceTree = "<group>";
		};
		8941D7CF1C94651200C2CC92 /* YuriAlertView */ = {
			isa = PBXGroup;
			children = (
				8941D7D01C94651200C2CC92 /* YuriAlertView.h */,
				8941D7D11C94651200C2CC92 /* YuriAlertView.m */,
			);
			path = YuriAlertView;
			sourceTree = "<group>";
		};
/* End PBXGroup section */

/* Begin PBXNativeTarget section */
		8941D7AC1C9464F900C2CC92 /* YuriScannerView */ = {
			isa = PBXNativeTarget;
			buildConfigurationList = 8941D7C41C9464F900C2CC92 /* Build configuration list for PBXNativeTarget "YuriScannerView" */;
			buildPhases = (
				8941D7A91C9464F900C2CC92 /* Sources */,
				8941D7AA1C9464F900C2CC92 /* Frameworks */,
				8941D7AB1C9464F900C2CC92 /* Resources */,
			);
			buildRules = (
			);
			dependencies = (
			);
			name = YuriScannerView;
			productName = YuriScannerView;
			productReference = 8941D7AD1C9464F900C2CC92 /* YuriScannerView.app */;
			productType = "com.apple.product-type.application";
		};
/* End PBXNativeTarget section */

/* Begin PBXProject section */
		8941D7A51C9464F900C2CC92 /* Project object */ = {
			isa = PBXProject;
			attributes = {
				LastUpgradeCheck = 0720;
				ORGANIZATIONNAME = "张晓飞";
				TargetAttributes = {
					8941D7AC1C9464F900C2CC92 = {
						CreatedOnToolsVersion = 7.2.1;
						DevelopmentTeam = P3946UUK47;
					};
				};
			};
			buildConfigurationList = 8941D7A81C9464F900C2CC92 /* Build configuration list for PBXProject "YuriScannerView" */;
			compatibilityVersion = "Xcode 3.2";
			developmentRegion = English;
			hasScannedForEncodings = 0;
			knownRegions = (
				en,
				Base,
			);
			mainGroup = 8941D7A41C9464F900C2CC92;
			productRefGroup = 8941D7AE1C9464F900C2CC92 /* Products */;
			projectDirPath = "";
			projectRoot = "";
			targets = (
				8941D7AC1C9464F900C2CC92 /* YuriScannerView */,
			);
		};
/* End PBXProject section */

/* Begin PBXResourcesBuildPhase section */
		8941D7AB1C9464F900C2CC92 /* Resources */ = {
			isa = PBXResourcesBuildPhase;
			buildActionMask = 2147483647;
			files = (
				8941D7D41C94651200C2CC92 /* scanBox.png in Resources */,
				8941D7D81C94651200C2CC92 /* scanLine@2x.png in Resources */,
				8941D7C01C9464F900C2CC92 /* LaunchScreen.storyboard in Resources */,
				8941D7D61C94651200C2CC92 /* scanBox@3x.png in Resources */,
				8941D7D71C94651200C2CC92 /* scanLine.png in Resources */,
				8941D7BD1C9464F900C2CC92 /* Assets.xcassets in Resources */,
				8941D7D51C94651200C2CC92 /* scanBox@2x.png in Resources */,
				8941D7BB1C9464F900C2CC92 /* Main.storyboard in Resources */,
				8941D7D91C94651200C2CC92 /* scanLine@3x.png in Resources */,
			);
			runOnlyForDeploymentPostprocessing = 0;
		};
/* End PBXResourcesBuildPhase section */

/* Begin PBXSourcesBuildPhase section */
		8941D7A91C9464F900C2CC92 /* Sources */ = {
			isa = PBXSourcesBuildPhase;
			buildActionMask = 2147483647;
			files = (
				8941D7B81C9464F900C2CC92 /* ViewController.m in Sources */,
				8941D7B51C9464F900C2CC92 /* AppDelegate.m in Sources */,
				8941D7DA1C94651200C2CC92 /* YuriAlertView.m in Sources */,
				8941D7DB1C94651200C2CC92 /* YuriCodeScanView.m in Sources */,
				8941D7B21C9464F900C2CC92 /* main.m in Sources */,
			);
			runOnlyForDeploymentPostprocessing = 0;
		};
/* End PBXSourcesBuildPhase section */

/* Begin PBXVariantGroup section */
		8941D7B91C9464F900C2CC92 /* Main.storyboard */ = {
			isa = PBXVariantGroup;
			children = (
				8941D7BA1C9464F900C2CC92 /* Base */,
			);
			name = Main.storyboard;
			sourceTree = "<group>";
		};
		8941D7BE1C9464F900C2CC92 /* LaunchScreen.storyboard */ = {
			isa = PBXVariantGroup;
			children = (
				8941D7BF1C9464F900C2CC92 /* Base */,
			);
			name = LaunchScreen.storyboard;
			sourceTree = "<group>";
		};
/* End PBXVariantGroup section */

/* Begin XCBuildConfiguration section */
		8941D7C21C9464F900C2CC92 /* Debug */ = {
			isa = XCBuildConfiguration;
			buildSettings = {
				ALWAYS_SEARCH_USER_PATHS = NO;
				CLANG_CXX_LANGUAGE_STANDARD = "gnu++0x";
				CLANG_CXX_LIBRARY = "libc++";
				CLANG_ENABLE_MODULES = YES;
				CLANG_ENABLE_OBJC_ARC = YES;
				CLANG_WARN_BOOL_CONVERSION = YES;
				CLANG_WARN_CONSTANT_CONVERSION = YES;
				CLANG_WARN_DIRECT_OBJC_ISA_USAGE = YES_ERROR;
				CLANG_WARN_EMPTY_BODY = YES;
				CLANG_WARN_ENUM_CONVERSION = YES;
				CLANG_WARN_INT_CONVERSION = YES;
				CLANG_WARN_OBJC_ROOT_CLASS = YES_ERROR;
				CLANG_WARN_UNREACHABLE_CODE = YES;
				CLANG_WARN__DUPLICATE_METHOD_MATCH = YES;
				"CODE_SIGN_IDENTITY[sdk=iphoneos*]" = "iPhone Developer";
				COPY_PHASE_STRIP = NO;
				DEBUG_INFORMATION_FORMAT = dwarf;
				ENABLE_STRICT_OBJC_MSGSEND = YES;
				ENABLE_TESTABILITY = YES;
				GCC_C_LANGUAGE_STANDARD = gnu99;
				GCC_DYNAMIC_NO_PIC = NO;
				GCC_NO_COMMON_BLOCKS = YES;
				GCC_OPTIMIZATION_LEVEL = 0;
				GCC_PREPROCESSOR_DEFINITIONS = (
					"DEBUG=1",
					"$(inherited)",
				);
				GCC_WARN_64_TO_32_BIT_CONVERSION = YES;
				GCC_WARN_ABOUT_RETURN_TYPE = YES_ERROR;
				GCC_WARN_UNDECLARED_SELECTOR = YES;
				GCC_WARN_UNINITIALIZED_AUTOS = YES_AGGRESSIVE;
				GCC_WARN_UNUSED_FUNCTION = YES;
				GCC_WARN_UNUSED_VARIABLE = YES;
				IPHONEOS_DEPLOYMENT_TARGET = 9.2;
				MTL_ENABLE_DEBUG_INFO = YES;
				ONLY_ACTIVE_ARCH = YES;
				SDKROOT = iphoneos;
				TARGETED_DEVICE_FAMILY = "1,2";
			};
			name = Debug;
		};
		8941D7C31C9464F900C2CC92 /* Release */ = {
			isa = XCBuildConfiguration;
			buildSettings = {
				ALWAYS_SEARCH_USER_PATHS = NO;
				CLANG_CXX_LANGUAGE_STANDARD = "gnu++0x";
				CLANG_CXX_LIBRARY = "libc++";
				CLANG_ENABLE_MODULES = YES;
				CLANG_ENABLE_OBJC_ARC = YES;
				CLANG_WARN_BOOL_CONVERSION = YES;
				CLANG_WARN_CONSTANT_CONVERSION = YES;
				CLANG_WARN_DIRECT_OBJC_ISA_USAGE = YES_ERROR;
				CLANG_WARN_EMPTY_BODY = YES;
				CLANG_WARN_ENUM_CONVERSION = YES;
				CLANG_WARN_INT_CONVERSION = YES;
				CLANG_WARN_OBJC_ROOT_CLASS = YES_ERROR;
				CLANG_WARN_UNREACHABLE_CODE = YES;
				CLANG_WARN__DUPLICATE_METHOD_MATCH = YES;
				"CODE_SIGN_IDENTITY[sdk=iphoneos*]" = "iPhone Developer";
				COPY_PHASE_STRIP = NO;
				DEBUG_INFORMATION_FORMAT = "dwarf-with-dsym";
				ENABLE_NS_ASSERTIONS = NO;
				ENABLE_STRICT_OBJC_MSGSEND = YES;
				GCC_C_LANGUAGE_STANDARD = gnu99;
				GCC_NO_COMMON_BLOCKS = YES;
				GCC_WARN_64_TO_32_BIT_CONVERSION = YES;
				GCC_WARN_ABOUT_RETURN_TYPE = YES_ERROR;
				GCC_WARN_UNDECLARED_SELECTOR = YES;
				GCC_WARN_UNINITIALIZED_AUTOS = YES_AGGRESSIVE;
				GCC_WARN_UNUSED_FUNCTION = YES;
				GCC_WARN_UNUSED_VARIABLE = YES;
				IPHONEOS_DEPLOYMENT_TARGET = 9.2;
				MTL_ENABLE_DEBUG_INFO = NO;
				SDKROOT = iphoneos;
				TARGETED_DEVICE_FAMILY = "1,2";
				VALIDATE_PRODUCT = YES;
			};
			name = Release;
		};
		8941D7C51C9464F900C2CC92 /* Debug */ = {
			isa = XCBuildConfiguration;
			buildSettings = {
				ASSETCATALOG_COMPILER_APPICON_NAME = AppIcon;
				INFOPLIST_FILE = YuriScannerView/Info.plist;
				LD_RUNPATH_SEARCH_PATHS = "$(inherited) @executable_path/Frameworks";
				PRODUCT_BUNDLE_IDENTIFIER = come.xiaofeiZhang.YuriScannerView;
				PRODUCT_NAME = "$(TARGET_NAME)";
			};
			name = Debug;
		};
		8941D7C61C9464F900C2CC92 /* Release */ = {
			isa = XCBuildConfiguration;
			buildSettings = {
				ASSETCATALOG_COMPILER_APPICON_NAME = AppIcon;
				INFOPLIST_FILE = YuriScannerView/Info.plist;
				LD_RUNPATH_SEARCH_PATHS = "$(inherited) @executable_path/Frameworks";
				PRODUCT_BUNDLE_IDENTIFIER = come.xiaofeiZhang.YuriScannerView;
				PRODUCT_NAME = "$(TARGET_NAME)";
			};
			name = Release;
		};
/* End XCBuildConfiguration section */

/* Begin XCConfigurationList section */
		8941D7A81C9464F900C2CC92 /* Build configuration list for PBXProject "YuriScannerView" */ = {
			isa = XCConfigurationList;
			buildConfigurations = (
				8941D7C21C9464F900C2CC92 /* Debug */,
				8941D7C31C9464F900C2CC92 /* Release */,
			);
			defaultConfigurationIsVisible = 0;
			defaultConfigurationName = Release;
		};
		8941D7C41C9464F900C2CC92 /* Build configuration list for PBXNativeTarget "YuriScannerView" */ = {
			isa = XCConfigurationList;
			buildConfigurations = (
				8941D7C51C9464F900C2CC92 /* Debug */,
				8941D7C61C9464F900C2CC92 /* Release */,
			);
			defaultConfigurationIsVisible = 0;
		};
/* End XCConfigurationList section */
	};
	rootObject = 8941D7A51C9464F900C2CC92 /* Project object */;
}
